# This file is automatically @generated by Poetry and should not be changed by hand.

[[package]]
name = "cfgv"
version = "3.3.1"
description = "Validate configuration and produce human readable error messages."
category = "dev"
optional = false
python-versions = ">=3.6.1"
files = [
    {file = "cfgv-3.3.1-py2.py3-none-any.whl", hash = "sha256:c6a0883f3917a037485059700b9e75da2464e6c27051014ad85ba6aaa5884426"},
    {file = "cfgv-3.3.1.tar.gz", hash = "sha256:f5a830efb9ce7a445376bb66ec94c638a9787422f96264c98edc6bdeed8ab736"},
]

[[package]]
name = "distlib"
version = "0.3.6"
description = "Distribution utilities"
category = "dev"
optional = false
python-versions = "*"
files = [
    {file = "distlib-0.3.6-py2.py3-none-any.whl", hash = "sha256:f35c4b692542ca110de7ef0bea44d73981caeb34ca0b9b6b2e6d7790dda8f80e"},
    {file = "distlib-0.3.6.tar.gz", hash = "sha256:14bad2d9b04d3a36127ac97f30b12a19268f211063d8f8ee4f47108896e11b46"},
]

[[package]]
name = "filelock"
version = "3.12.0"
description = "A platform independent file lock."
category = "dev"
optional = false
python-versions = ">=3.7"
files = [
    {file = "filelock-3.12.0-py3-none-any.whl", hash = "sha256:ad98852315c2ab702aeb628412cbf7e95b7ce8c3bf9565670b4eaecf1db370a9"},
    {file = "filelock-3.12.0.tar.gz", hash = "sha256:fc03ae43288c013d2ea83c8597001b1129db351aad9c57fe2409327916b8e718"},
]

[package.extras]
docs = ["furo (>=2023.3.27)", "sphinx (>=6.1.3)", "sphinx-autodoc-typehints (>=1.23,!=1.23.4)"]
testing = ["covdefaults (>=2.3)", "coverage (>=7.2.3)", "diff-cover (>=7.5)", "pytest (>=7.3.1)", "pytest-cov (>=4)", "pytest-mock (>=3.10)", "pytest-timeout (>=2.1)"]

[[package]]
name = "identify"
version = "2.5.24"
description = "File identification library for Python"
category = "dev"
optional = false
python-versions = ">=3.7"
files = [
    {file = "identify-2.5.24-py2.py3-none-any.whl", hash = "sha256:986dbfb38b1140e763e413e6feb44cd731faf72d1909543178aa79b0e258265d"},
    {file = "identify-2.5.24.tar.gz", hash = "sha256:0aac67d5b4812498056d28a9a512a483f5085cc28640b02b258a59dac34301d4"},
]

[package.extras]
license = ["ukkonen"]

[[package]]
name = "levenshtein"
version = "0.21.0"
description = "Python extension for computing string edit distances and similarities."
category = "main"
optional = false
python-versions = ">=3.6"
files = [
    {file = "Levenshtein-0.21.0-cp310-cp310-macosx_10_9_universal2.whl", hash = "sha256:1f19fe25ea0dd845d0f48505e8947f6080728e10b7642ba0dad34e9b48c81130"},
    {file = "Levenshtein-0.21.0-cp310-cp310-macosx_10_9_x86_64.whl", hash = "sha256:d23c647b03acbb5783f9bdfd51cfa5365d51f7df9f4029717a35eff5cc32bbcc"},
    {file = "Levenshtein-0.21.0-cp310-cp310-macosx_11_0_arm64.whl", hash = "sha256:668ea30b311944c643f866ce5e45edf346f05e920075c0056f2ba7f74dde6071"},
    {file = "Levenshtein-0.21.0-cp310-cp310-manylinux_2_17_aarch64.manylinux2014_aarch64.whl", hash = "sha256:0f42b8dba2cce257cd34efd1ce9678d06f3248cb0bb2a92a5db8402e1e4a6f30"},
    {file = "Levenshtein-0.21.0-cp310-cp310-manylinux_2_17_ppc64le.manylinux2014_ppc64le.whl", hash = "sha256:8c27a5178ce322b56527a451185b4224217aa81955d9b0dad6f5a8de81ffe80f"},
    {file = "Levenshtein-0.21.0-cp310-cp310-manylinux_2_17_s390x.manylinux2014_s390x.whl", hash = "sha256:92bf2370b01d7a4862abf411f8f60f39f064cebebce176e3e9ee14e744db8288"},
    {file = "Levenshtein-0.21.0-cp310-cp310-manylinux_2_17_x86_64.manylinux2014_x86_64.whl", hash = "sha256:32dfda2e64d0c50553e47d0ab2956413970f940253351c196827ad46f17916d5"},
    {file = "Levenshtein-0.21.0-cp310-cp310-manylinux_2_5_i686.manylinux1_i686.manylinux_2_17_i686.manylinux2014_i686.whl", hash = "sha256:f55623094b665d79a3b82ba77386ac34fa85049163edfe65387063e5127d4184"},
    {file = "Levenshtein-0.21.0-cp310-cp310-musllinux_1_1_aarch64.whl", hash = "sha256:25576ad9c337ecb342306fe87166b54b2f49e713d4ff592c752cc98e0046296e"},
    {file = "Levenshtein-0.21.0-cp310-cp310-musllinux_1_1_i686.whl", hash = "sha256:fae24c875c4ecc8c5f34a9715eb2a459743b4ca21d35c51819b640ee2f71cb51"},
    {file = "Levenshtein-0.21.0-cp310-cp310-musllinux_1_1_ppc64le.whl", hash = "sha256:4b2156f32e46d16b74a055ccb4f64ee3c64399372a6aaf1ee98f6dccfadecee1"},
    {file = "Levenshtein-0.21.0-cp310-cp310-musllinux_1_1_s390x.whl", hash = "sha256:04046878a57129da4e2352c032df7c1fceaa54870916d12772cad505ef998290"},
    {file = "Levenshtein-0.21.0-cp310-cp310-musllinux_1_1_x86_64.whl", hash = "sha256:608beb1683508c3cdbfff669c1c872ea02b47965e1bbb8a630de548e2490f96a"},
    {file = "Levenshtein-0.21.0-cp310-cp310-win32.whl", hash = "sha256:cc36ba40027b4f8821155c9e3e0afadffccdccbe955556039d1d1169dfc659c9"},
    {file = "Levenshtein-0.21.0-cp310-cp310-win_amd64.whl", hash = "sha256:80e67bd73a05592ecd52aede4afa8ea49575de70f9d5bfbe2c52ebd3541b20be"},
    {file = "Levenshtein-0.21.0-cp311-cp311-macosx_10_9_universal2.whl", hash = "sha256:3305262cb85ff78ace9e2d8d2dfc029b34dc5f93aa2d24fd20b6ed723e2ad501"},
    {file = "Levenshtein-0.21.0-cp311-cp311-macosx_10_9_x86_64.whl", hash = "sha256:023ca95c833ca548280e444e9a4c34fdecb3be3851e96af95bad290ae0c708b9"},
    {file = "Levenshtein-0.21.0-cp311-cp311-macosx_11_0_arm64.whl", hash = "sha256:8476862a5c3150b8d63a7475563a4bff6dc50bbc0447894eb6b6a116ced0809d"},
    {file = "Levenshtein-0.21.0-cp311-cp311-manylinux_2_17_aarch64.manylinux2014_aarch64.whl", hash = "sha256:0236c8ff4648c50ebd81ac3692430d2241b134936ac9d86d7ca32ba6ab4a4e63"},
    {file = "Levenshtein-0.21.0-cp311-cp311-manylinux_2_17_ppc64le.manylinux2014_ppc64le.whl", hash = "sha256:5cfbc4ed7ee2965e305bf81388fea377b795dabc82ee07f04f31d1fb8677a885"},
    {file = "Levenshtein-0.21.0-cp311-cp311-manylinux_2_17_s390x.manylinux2014_s390x.whl", hash = "sha256:6338a47b6f8c7f1ee8b5636cc8b245ad2d1d0ee47f7bb6f33f38a522ef0219cc"},
    {file = "Levenshtein-0.21.0-cp311-cp311-manylinux_2_17_x86_64.manylinux2014_x86_64.whl", hash = "sha256:4dc79033140f82acaca40712a6d26ed190cc2dd403e104020a87c24f2771aa72"},
    {file = "Levenshtein-0.21.0-cp311-cp311-manylinux_2_5_i686.manylinux1_i686.manylinux_2_17_i686.manylinux2014_i686.whl", hash = "sha256:88ccdc8dc20c16e8059ace00fb58d353346a04fd24c0733b009678b2554801d2"},
    {file = "Levenshtein-0.21.0-cp311-cp311-musllinux_1_1_aarch64.whl", hash = "sha256:8c031cbe3685b0343f5cc2dcf2172fd21b82f8ccc5c487179a895009bf0e4ea8"},
    {file = "Levenshtein-0.21.0-cp311-cp311-musllinux_1_1_i686.whl", hash = "sha256:eab6c253983a6659e749f4c44fcc2215194c2e00bf7b1c5e90fe683ea3b7b00f"},
    {file = "Levenshtein-0.21.0-cp311-cp311-musllinux_1_1_ppc64le.whl", hash = "sha256:8bdbcd1570340b07549f71e8a5ba3f0a6d84408bf86c4051dc7b70a29ae342bb"},
    {file = "Levenshtein-0.21.0-cp311-cp311-musllinux_1_1_s390x.whl", hash = "sha256:4357bf8146cbadb10016ad3a950bba16e042f79015362a575f966181d95b4bc7"},
    {file = "Levenshtein-0.21.0-cp311-cp311-musllinux_1_1_x86_64.whl", hash = "sha256:be038321695267a8faa5ae1b1a83deb3748827f0b6f72471e0beed36afcbd72a"},
    {file = "Levenshtein-0.21.0-cp311-cp311-win32.whl", hash = "sha256:be87998ffcbb5fb0c37a76d100f63b4811f48527192677da0ec3624b49ab8a64"},
    {file = "Levenshtein-0.21.0-cp311-cp311-win_amd64.whl", hash = "sha256:f873af54014cac12082c7f5ccec6bbbeb5b57f63466e7f9c61a34588621313fb"},
    {file = "Levenshtein-0.21.0-cp36-cp36m-macosx_10_9_x86_64.whl", hash = "sha256:4ec2ef9836a34a3bb009a81e5efe4d9d43515455fb5f182c5d2cf8ae61c79496"},
    {file = "Levenshtein-0.21.0-cp36-cp36m-manylinux_2_17_aarch64.manylinux2014_aarch64.whl", hash = "sha256:5e748c2349719cb1bc90f802d9d7f07310633dcf166d468a5bd821f78ed17698"},
    {file = "Levenshtein-0.21.0-cp36-cp36m-manylinux_2_17_ppc64le.manylinux2014_ppc64le.whl", hash = "sha256:37a99d858fa1d88b1a917b4059a186becd728534e5e889d583086482356b7ca1"},
    {file = "Levenshtein-0.21.0-cp36-cp36m-manylinux_2_17_s390x.manylinux2014_s390x.whl", hash = "sha256:742b785c93d16c63289902607219c200bd2b6077dafc788073c74337cae382fb"},
    {file = "Levenshtein-0.21.0-cp36-cp36m-manylinux_2_17_x86_64.manylinux2014_x86_64.whl", hash = "sha256:cefd5a668f6d7af1279aca10104b43882fdd83f9bdc68933ba5429257a628abe"},
    {file = "Levenshtein-0.21.0-cp36-cp36m-manylinux_2_5_i686.manylinux1_i686.manylinux_2_17_i686.manylinux2014_i686.whl", hash = "sha256:3e1723d515ab287b9b2c2e4a111894dc6b474f5d28826fff379647486cae98d2"},
    {file = "Levenshtein-0.21.0-cp36-cp36m-musllinux_1_1_aarch64.whl", hash = "sha256:3e22d31375d5fea5797c9b7aa0f8cc36579c31dcf5754e9931ca86c27d9011f8"},
    {file = "Levenshtein-0.21.0-cp36-cp36m-musllinux_1_1_i686.whl", hash = "sha256:31cb59d86a5f99147cd4a67ebced8d6df574b5d763dcb63c033a642e29568746"},
    {file = "Levenshtein-0.21.0-cp36-cp36m-musllinux_1_1_ppc64le.whl", hash = "sha256:76d5d34a8e21de8073c66ae801f053520f946d499fa533fbba654712775f8132"},
    {file = "Levenshtein-0.21.0-cp36-cp36m-musllinux_1_1_s390x.whl", hash = "sha256:46dab8c6e8fae563ca77acfaeb3824c4dd4b599996328b8a081b06f16befa6a0"},
    {file = "Levenshtein-0.21.0-cp36-cp36m-musllinux_1_1_x86_64.whl", hash = "sha256:ee62ec5882a857b252faffeb7867679f7e418052ca6bf7d6b56099f6498a2b0e"},
    {file = "Levenshtein-0.21.0-cp36-cp36m-win32.whl", hash = "sha256:7e40a4bac848c9a8883225f926cfa7b2bc9f651e989a8b7006cdb596edc7ac9b"},
    {file = "Levenshtein-0.21.0-cp36-cp36m-win_amd64.whl", hash = "sha256:709a727f58d31a5ee1e5e83b247972fe55ef0014f6222256c9692c5efa471785"},
    {file = "Levenshtein-0.21.0-cp37-cp37m-macosx_10_9_x86_64.whl", hash = "sha256:01dd427cf72b4978b09558e3d36e3f92c8eef467e3eb4653c3fdccd8d70aaa08"},
    {file = "Levenshtein-0.21.0-cp37-cp37m-manylinux_2_17_aarch64.manylinux2014_aarch64.whl", hash = "sha256:9ff1255c499fcb41ba37a578ad8c1b8dab5c44f78941b8e1c1d7fab5b5e831bc"},
    {file = "Levenshtein-0.21.0-cp37-cp37m-manylinux_2_17_ppc64le.manylinux2014_ppc64le.whl", hash = "sha256:8aa92b05156dfa2e248c3743670d5deb41a45b5789416d5fa31be009f4f043ab"},
    {file = "Levenshtein-0.21.0-cp37-cp37m-manylinux_2_17_s390x.manylinux2014_s390x.whl", hash = "sha256:d932cb21e40beb93cfc8973de7f25fbf25ba4a07d1dccac3b9ba977164cf9887"},
    {file = "Levenshtein-0.21.0-cp37-cp37m-manylinux_2_17_x86_64.manylinux2014_x86_64.whl", hash = "sha256:8d4ba0df46bb41d660d77e7cc6b4d38c8d5b6f977d51c48ed1217db6a8474cde"},
    {file = "Levenshtein-0.21.0-cp37-cp37m-manylinux_2_5_i686.manylinux1_i686.manylinux_2_17_i686.manylinux2014_i686.whl", hash = "sha256:4c8eaaa6f0df2838437d1d8739629486b145f7a3405d3ef0874301a9f5bc7dcd"},
    {file = "Levenshtein-0.21.0-cp37-cp37m-musllinux_1_1_aarch64.whl", hash = "sha256:6ede583155f24c8b2456a7720fbbfa5d9c1154ae04b4da3cf63368e2406ea099"},
    {file = "Levenshtein-0.21.0-cp37-cp37m-musllinux_1_1_i686.whl", hash = "sha256:a18c8e4d1aae3f9950797d049020c64a8a63cc8b4e43afcca91ec400bf6304c5"},
    {file = "Levenshtein-0.21.0-cp37-cp37m-musllinux_1_1_ppc64le.whl", hash = "sha256:8cf87a5e2962431d7260dd81dc1ca0697f61aad81036145d3666f4c0d514ce3a"},
    {file = "Levenshtein-0.21.0-cp37-cp37m-musllinux_1_1_s390x.whl", hash = "sha256:bd0bfa71b1441be359e99e77709885b79c22857bf9bb7f4e84c09e501f6c5fad"},
    {file = "Levenshtein-0.21.0-cp37-cp37m-musllinux_1_1_x86_64.whl", hash = "sha256:e9a6251818b9eb6d519bffd7a0b745f3a99b3e99563a4c9d3cad26e34f6ac880"},
    {file = "Levenshtein-0.21.0-cp37-cp37m-win32.whl", hash = "sha256:8dd8ef4239b24fb1c9f0b536e48e55194d5966d351d349af23e67c9eb3875c68"},
    {file = "Levenshtein-0.21.0-cp37-cp37m-win_amd64.whl", hash = "sha256:26c6fb012538a245d78adea786d2cfe3c1506b835762c1c523a4ed6b9e08dc0b"},
    {file = "Levenshtein-0.21.0-cp38-cp38-macosx_10_9_universal2.whl", hash = "sha256:b0ba9723c7d67a61e160b3457259552f7d679d74aaa144b892eb68b7e2a5ebb6"},
    {file = "Levenshtein-0.21.0-cp38-cp38-macosx_10_9_x86_64.whl", hash = "sha256:426883be613d912495cf6ee2a776d2ab84aa6b3de5a8d82c43a994267ea6e0e3"},
    {file = "Levenshtein-0.21.0-cp38-cp38-macosx_11_0_arm64.whl", hash = "sha256:5369827ace536c6df04e0e670d782999bc17bf9eb111e77435fdcdaecb10c2a3"},
    {file = "Levenshtein-0.21.0-cp38-cp38-manylinux_2_17_aarch64.manylinux2014_aarch64.whl", hash = "sha256:6ebabcf982ae161534f8729d13fe05eebc977b497ac34936551f97cf8b07dd9e"},
    {file = "Levenshtein-0.21.0-cp38-cp38-manylinux_2_17_ppc64le.manylinux2014_ppc64le.whl", hash = "sha256:13e8a5b1b58de49befea555bb913dc394614f2d3553bc5b86bc672c69ef1a85a"},
    {file = "Levenshtein-0.21.0-cp38-cp38-manylinux_2_17_s390x.manylinux2014_s390x.whl", hash = "sha256:d647f1e0c30c7a73f70f4de7376ed7dafc2b856b67fe480d32a81af133edbaeb"},
    {file = "Levenshtein-0.21.0-cp38-cp38-manylinux_2_17_x86_64.manylinux2014_x86_64.whl", hash = "sha256:5378a8139ba61d7271c0f9350201259c11eb90bfed0ac45539c4aeaed3907230"},
    {file = "Levenshtein-0.21.0-cp38-cp38-manylinux_2_5_i686.manylinux1_i686.manylinux_2_17_i686.manylinux2014_i686.whl", hash = "sha256:df9b0f8f511270ad259c7bfba22ab6d5a0c33d81cd594461668e67cd80dd9052"},
    {file = "Levenshtein-0.21.0-cp38-cp38-musllinux_1_1_aarch64.whl", hash = "sha256:9485f2a5c88113410153256657072bc93b81bf5c8690d47e4cc3df58135dbadb"},
    {file = "Levenshtein-0.21.0-cp38-cp38-musllinux_1_1_i686.whl", hash = "sha256:aa39bb773915e4df330d311bb6c100a8613e265cc50d5b25b015c8db824e1c47"},
    {file = "Levenshtein-0.21.0-cp38-cp38-musllinux_1_1_ppc64le.whl", hash = "sha256:de2dfd6498454c7d89036d56a53c0a01fd9bcf1c2970253e469b5e8bb938b69f"},
    {file = "Levenshtein-0.21.0-cp38-cp38-musllinux_1_1_s390x.whl", hash = "sha256:4515f9511cb91c66d254ee30154206aad76b57d8b25f64ba1402aad43efdb251"},
    {file = "Levenshtein-0.21.0-cp38-cp38-musllinux_1_1_x86_64.whl", hash = "sha256:f622f542bd065ffec7d26b26d44d0c9a25c9c1295fd8ba6e4d77778e2293a12c"},
    {file = "Levenshtein-0.21.0-cp38-cp38-win32.whl", hash = "sha256:ee757fd36bad66ad8b961958840894021ecaad22194f65219a666432739393ff"},
    {file = "Levenshtein-0.21.0-cp38-cp38-win_amd64.whl", hash = "sha256:457442911df185e28a32fd8b788b14ca22ab3a552256b556e7687173d5f18bc4"},
    {file = "Levenshtein-0.21.0-cp39-cp39-macosx_10_9_universal2.whl", hash = "sha256:b646ace5085a60d4f89b28c81301c9d9e8cd6a9bdda908181b2fa3dfac7fc10d"},
    {file = "Levenshtein-0.21.0-cp39-cp39-macosx_10_9_x86_64.whl", hash = "sha256:0cc3679978cd0250bf002963cf2e08855b93f70fa0fc9f74956115c343983fbb"},
    {file = "Levenshtein-0.21.0-cp39-cp39-macosx_11_0_arm64.whl", hash = "sha256:84b55b732e311629a8308ad2778a0f9824e29e3c35987eb35610fc52eb6d4634"},
    {file = "Levenshtein-0.21.0-cp39-cp39-manylinux_2_17_aarch64.manylinux2014_aarch64.whl", hash = "sha256:a7adaabe07c5ceb6228332b9184f06eb9cda89c227d198a1b8a6f78c05b3c672"},
    {file = "Levenshtein-0.21.0-cp39-cp39-manylinux_2_17_ppc64le.manylinux2014_ppc64le.whl", hash = "sha256:ac8b6266799645827980ab1af4e0bfae209c1f747a10bdf6e5da96a6ebe511a2"},
    {file = "Levenshtein-0.21.0-cp39-cp39-manylinux_2_17_s390x.manylinux2014_s390x.whl", hash = "sha256:7c2d67220867d640e36931b3d63b8349369b485d52cf6f4a2635bec8da92d678"},
    {file = "Levenshtein-0.21.0-cp39-cp39-manylinux_2_17_x86_64.manylinux2014_x86_64.whl", hash = "sha256:fb26e69fc6c12534fbaa1657efed3b6482f1a166ba8e31227fa6f6f062a59070"},
    {file = "Levenshtein-0.21.0-cp39-cp39-manylinux_2_5_i686.manylinux1_i686.manylinux_2_17_i686.manylinux2014_i686.whl", hash = "sha256:a68b05614d25cc2a5fbcc4d2fd124be7668d075fd5ac3d82f292eec573157361"},
    {file = "Levenshtein-0.21.0-cp39-cp39-musllinux_1_1_aarch64.whl", hash = "sha256:b167b32b3e336c5ec5e0212f025587f9248344ae6e73ed668270eba5c6a506e5"},
    {file = "Levenshtein-0.21.0-cp39-cp39-musllinux_1_1_i686.whl", hash = "sha256:04850a0719e503014acb3fee6d4ec7d7f170a2c7375ffbc5833c7256b7cd10ee"},
    {file = "Levenshtein-0.21.0-cp39-cp39-musllinux_1_1_ppc64le.whl", hash = "sha256:ce7e76c6341abb498368d42b8081f2f45c245ac2a221af6a0394349d41302c08"},
    {file = "Levenshtein-0.21.0-cp39-cp39-musllinux_1_1_s390x.whl", hash = "sha256:ec64b7b3fb95bc9c20c72548277794b81281a6ba9da85eda2c87324c218441ff"},
    {file = "Levenshtein-0.21.0-cp39-cp39-musllinux_1_1_x86_64.whl", hash = "sha256:24843f28cbbdcbcfc18b08e7d3409dbaad7896fb7113442592fa978590a7bbf0"},
    {file = "Levenshtein-0.21.0-cp39-cp39-win32.whl", hash = "sha256:c290a7211f1b4f87c300df4424cc46b7379cead3b6f37fa8d3e7e6c6212ccd39"},
    {file = "Levenshtein-0.21.0-cp39-cp39-win_amd64.whl", hash = "sha256:1fde464f937878e6f5c30c234b95ce2cb969331a175b3089367e077113428062"},
    {file = "Levenshtein-0.21.0-pp37-pypy37_pp73-macosx_10_9_x86_64.whl", hash = "sha256:66d303cd485710fe6d62108209219b7a695bdd10a722f4e86abdaf26f4bf2202"},
    {file = "Levenshtein-0.21.0-pp37-pypy37_pp73-manylinux_2_17_aarch64.manylinux2014_aarch64.whl", hash = "sha256:7bc550d0986ace95bde003b8a60e622449baf2bdf24d8412f7a50f401a289ec3"},
    {file = "Levenshtein-0.21.0-pp37-pypy37_pp73-manylinux_2_17_x86_64.manylinux2014_x86_64.whl", hash = "sha256:3c6858cfd84568bc1df3ad545553b5c27af6ed3346973e8f4b57d23c318cf8f4"},
    {file = "Levenshtein-0.21.0-pp37-pypy37_pp73-manylinux_2_5_i686.manylinux1_i686.manylinux_2_17_i686.manylinux2014_i686.whl", hash = "sha256:7ce3f14a8e006fb7e3fc7bab965ab7da5817f48fc48d25cf735fcec8f1d2e39a"},
    {file = "Levenshtein-0.21.0-pp37-pypy37_pp73-win_amd64.whl", hash = "sha256:024302c82d49fc1f1d044794997ef7aa9d01b509a9040e222480b64a01cd4b80"},
    {file = "Levenshtein-0.21.0-pp38-pypy38_pp73-macosx_10_9_x86_64.whl", hash = "sha256:e043b79e39f165026bc941c95582bfc4bfdd297a1de6f13ace0d0a7abf486288"},
    {file = "Levenshtein-0.21.0-pp38-pypy38_pp73-manylinux_2_17_aarch64.manylinux2014_aarch64.whl", hash = "sha256:8446f8da38857482ec0cfd616fe5e7dcd3695fd323cc65f37366a9ff6a31c9cb"},
    {file = "Levenshtein-0.21.0-pp38-pypy38_pp73-manylinux_2_17_x86_64.manylinux2014_x86_64.whl", hash = "sha256:587ad51770de41eb491bea1bfb676abc7ff9a94dbec0e2bc51fc6a25abef99c4"},
    {file = "Levenshtein-0.21.0-pp38-pypy38_pp73-manylinux_2_5_i686.manylinux1_i686.manylinux_2_17_i686.manylinux2014_i686.whl", hash = "sha256:8ac4ed77d3263eac7f9b6ed89d451644332aecd55cda921201e348803a1e5c57"},
    {file = "Levenshtein-0.21.0-pp38-pypy38_pp73-win_amd64.whl", hash = "sha256:cf2dee0f8c71598f8be51e3feceb9142ac01576277b9e691e25740987761c86e"},
    {file = "Levenshtein-0.21.0-pp39-pypy39_pp73-macosx_10_9_x86_64.whl", hash = "sha256:4bbceef2caba4b2ae613b0e853a7aaab990c1a13bddb9054ba1328a84bccdbf7"},
    {file = "Levenshtein-0.21.0-pp39-pypy39_pp73-manylinux_2_17_aarch64.manylinux2014_aarch64.whl", hash = "sha256:2290732763e3b75979888364b26acce79d72b8677441b5762a4e97b3630cc3d9"},
    {file = "Levenshtein-0.21.0-pp39-pypy39_pp73-manylinux_2_17_x86_64.manylinux2014_x86_64.whl", hash = "sha256:db7567997ffbc2feb999e30002a92461a76f17a596a142bdb463b5f7037f160c"},
    {file = "Levenshtein-0.21.0-pp39-pypy39_pp73-manylinux_2_5_i686.manylinux1_i686.manylinux_2_17_i686.manylinux2014_i686.whl", hash = "sha256:c270487d60b33102efea73be6dcd5835f3ddc3dc06e77499f0963df6cba2ec71"},
    {file = "Levenshtein-0.21.0-pp39-pypy39_pp73-win_amd64.whl", hash = "sha256:e2686c37d22faf27d02a19e83b55812d248b32b7ba3aa638e768d0ea032e1f3c"},
    {file = "Levenshtein-0.21.0.tar.gz", hash = "sha256:545635d9e857711d049dcdb0b8609fb707b34b032517376c531ca159fcd46265"},
]

[package.dependencies]
rapidfuzz = ">=2.3.0,<4.0.0"

[[package]]
name = "nodeenv"
version = "1.8.0"
description = "Node.js virtual environment builder"
category = "dev"
optional = false
python-versions = ">=2.7,!=3.0.*,!=3.1.*,!=3.2.*,!=3.3.*,!=3.4.*,!=3.5.*,!=3.6.*"
files = [
    {file = "nodeenv-1.8.0-py2.py3-none-any.whl", hash = "sha256:df865724bb3c3adc86b3876fa209771517b0cfe596beff01a92700e0e8be4cec"},
    {file = "nodeenv-1.8.0.tar.gz", hash = "sha256:d51e0c37e64fbf47d017feac3145cdbb58836d7eee8c6f6d3b6880c5456227d2"},
]

[package.dependencies]
setuptools = "*"

[[package]]
name = "platformdirs"
version = "3.5.1"
description = "A small Python package for determining appropriate platform-specific dirs, e.g. a \"user data dir\"."
category = "dev"
optional = false
python-versions = ">=3.7"
files = [
    {file = "platformdirs-3.5.1-py3-none-any.whl", hash = "sha256:e2378146f1964972c03c085bb5662ae80b2b8c06226c54b2ff4aa9483e8a13a5"},
    {file = "platformdirs-3.5.1.tar.gz", hash = "sha256:412dae91f52a6f84830f39a8078cecd0e866cb72294a5c66808e74d5e88d251f"},
]

[package.extras]
docs = ["furo (>=2023.3.27)", "proselint (>=0.13)", "sphinx (>=6.2.1)", "sphinx-autodoc-typehints (>=1.23,!=1.23.4)"]
test = ["appdirs (==1.4.4)", "covdefaults (>=2.3)", "pytest (>=7.3.1)", "pytest-cov (>=4)", "pytest-mock (>=3.10)"]

[[package]]
name = "pre-commit"
version = "3.3.2"
description = "A framework for managing and maintaining multi-language pre-commit hooks."
category = "dev"
optional = false
python-versions = ">=3.8"
files = [
    {file = "pre_commit-3.3.2-py2.py3-none-any.whl", hash = "sha256:8056bc52181efadf4aac792b1f4f255dfd2fb5a350ded7335d251a68561e8cb6"},
    {file = "pre_commit-3.3.2.tar.gz", hash = "sha256:66e37bec2d882de1f17f88075047ef8962581f83c234ac08da21a0c58953d1f0"},
]

[package.dependencies]
cfgv = ">=2.0.0"
identify = ">=1.0.0"
nodeenv = ">=0.11.1"
pyyaml = ">=5.1"
virtualenv = ">=20.10.0"

[[package]]
name = "pyyaml"
version = "6.0"
description = "YAML parser and emitter for Python"
category = "dev"
optional = false
python-versions = ">=3.6"
files = [
    {file = "PyYAML-6.0-cp310-cp310-macosx_10_9_x86_64.whl", hash = "sha256:d4db7c7aef085872ef65a8fd7d6d09a14ae91f691dec3e87ee5ee0539d516f53"},
    {file = "PyYAML-6.0-cp310-cp310-macosx_11_0_arm64.whl", hash = "sha256:9df7ed3b3d2e0ecfe09e14741b857df43adb5a3ddadc919a2d94fbdf78fea53c"},
    {file = "PyYAML-6.0-cp310-cp310-manylinux_2_17_aarch64.manylinux2014_aarch64.whl", hash = "sha256:77f396e6ef4c73fdc33a9157446466f1cff553d979bd00ecb64385760c6babdc"},
    {file = "PyYAML-6.0-cp310-cp310-manylinux_2_17_s390x.manylinux2014_s390x.whl", hash = "sha256:a80a78046a72361de73f8f395f1f1e49f956c6be882eed58505a15f3e430962b"},
    {file = "PyYAML-6.0-cp310-cp310-manylinux_2_5_x86_64.manylinux1_x86_64.manylinux_2_12_x86_64.manylinux2010_x86_64.whl", hash = "sha256:f84fbc98b019fef2ee9a1cb3ce93e3187a6df0b2538a651bfb890254ba9f90b5"},
    {file = "PyYAML-6.0-cp310-cp310-win32.whl", hash = "sha256:2cd5df3de48857ed0544b34e2d40e9fac445930039f3cfe4bcc592a1f836d513"},
    {file = "PyYAML-6.0-cp310-cp310-win_amd64.whl", hash = "sha256:daf496c58a8c52083df09b80c860005194014c3698698d1a57cbcfa182142a3a"},
    {file = "PyYAML-6.0-cp311-cp311-macosx_10_9_x86_64.whl", hash = "sha256:d4b0ba9512519522b118090257be113b9468d804b19d63c71dbcf4a48fa32358"},
    {file = "PyYAML-6.0-cp311-cp311-macosx_11_0_arm64.whl", hash = "sha256:81957921f441d50af23654aa6c5e5eaf9b06aba7f0a19c18a538dc7ef291c5a1"},
    {file = "PyYAML-6.0-cp311-cp311-manylinux_2_17_aarch64.manylinux2014_aarch64.whl", hash = "sha256:afa17f5bc4d1b10afd4466fd3a44dc0e245382deca5b3c353d8b757f9e3ecb8d"},
    {file = "PyYAML-6.0-cp311-cp311-manylinux_2_17_s390x.manylinux2014_s390x.whl", hash = "sha256:dbad0e9d368bb989f4515da330b88a057617d16b6a8245084f1b05400f24609f"},
    {file = "PyYAML-6.0-cp311-cp311-manylinux_2_17_x86_64.manylinux2014_x86_64.whl", hash = "sha256:432557aa2c09802be39460360ddffd48156e30721f5e8d917f01d31694216782"},
    {file = "PyYAML-6.0-cp311-cp311-win32.whl", hash = "sha256:bfaef573a63ba8923503d27530362590ff4f576c626d86a9fed95822a8255fd7"},
    {file = "PyYAML-6.0-cp311-cp311-win_amd64.whl", hash = "sha256:01b45c0191e6d66c470b6cf1b9531a771a83c1c4208272ead47a3ae4f2f603bf"},
    {file = "PyYAML-6.0-cp36-cp36m-macosx_10_9_x86_64.whl", hash = "sha256:897b80890765f037df3403d22bab41627ca8811ae55e9a722fd0392850ec4d86"},
    {file = "PyYAML-6.0-cp36-cp36m-manylinux_2_17_aarch64.manylinux2014_aarch64.whl", hash = "sha256:50602afada6d6cbfad699b0c7bb50d5ccffa7e46a3d738092afddc1f9758427f"},
    {file = "PyYAML-6.0-cp36-cp36m-manylinux_2_17_s390x.manylinux2014_s390x.whl", hash = "sha256:48c346915c114f5fdb3ead70312bd042a953a8ce5c7106d5bfb1a5254e47da92"},
    {file = "PyYAML-6.0-cp36-cp36m-manylinux_2_5_x86_64.manylinux1_x86_64.manylinux_2_12_x86_64.manylinux2010_x86_64.whl", hash = "sha256:98c4d36e99714e55cfbaaee6dd5badbc9a1ec339ebfc3b1f52e293aee6bb71a4"},
    {file = "PyYAML-6.0-cp36-cp36m-win32.whl", hash = "sha256:0283c35a6a9fbf047493e3a0ce8d79ef5030852c51e9d911a27badfde0605293"},
    {file = "PyYAML-6.0-cp36-cp36m-win_amd64.whl", hash = "sha256:07751360502caac1c067a8132d150cf3d61339af5691fe9e87803040dbc5db57"},
    {file = "PyYAML-6.0-cp37-cp37m-macosx_10_9_x86_64.whl", hash = "sha256:819b3830a1543db06c4d4b865e70ded25be52a2e0631ccd2f6a47a2822f2fd7c"},
    {file = "PyYAML-6.0-cp37-cp37m-manylinux_2_17_aarch64.manylinux2014_aarch64.whl", hash = "sha256:473f9edb243cb1935ab5a084eb238d842fb8f404ed2193a915d1784b5a6b5fc0"},
    {file = "PyYAML-6.0-cp37-cp37m-manylinux_2_17_s390x.manylinux2014_s390x.whl", hash = "sha256:0ce82d761c532fe4ec3f87fc45688bdd3a4c1dc5e0b4a19814b9009a29baefd4"},
    {file = "PyYAML-6.0-cp37-cp37m-manylinux_2_5_x86_64.manylinux1_x86_64.manylinux_2_12_x86_64.manylinux2010_x86_64.whl", hash = "sha256:231710d57adfd809ef5d34183b8ed1eeae3f76459c18fb4a0b373ad56bedcdd9"},
    {file = "PyYAML-6.0-cp37-cp37m-win32.whl", hash = "sha256:c5687b8d43cf58545ade1fe3e055f70eac7a5a1a0bf42824308d868289a95737"},
    {file = "PyYAML-6.0-cp37-cp37m-win_amd64.whl", hash = "sha256:d15a181d1ecd0d4270dc32edb46f7cb7733c7c508857278d3d378d14d606db2d"},
    {file = "PyYAML-6.0-cp38-cp38-macosx_10_9_x86_64.whl", hash = "sha256:0b4624f379dab24d3725ffde76559cff63d9ec94e1736b556dacdfebe5ab6d4b"},
    {file = "PyYAML-6.0-cp38-cp38-manylinux_2_17_aarch64.manylinux2014_aarch64.whl", hash = "sha256:213c60cd50106436cc818accf5baa1aba61c0189ff610f64f4a3e8c6726218ba"},
    {file = "PyYAML-6.0-cp38-cp38-manylinux_2_17_s390x.manylinux2014_s390x.whl", hash = "sha256:9fa600030013c4de8165339db93d182b9431076eb98eb40ee068700c9c813e34"},
    {file = "PyYAML-6.0-cp38-cp38-manylinux_2_5_x86_64.manylinux1_x86_64.manylinux_2_12_x86_64.manylinux2010_x86_64.whl", hash = "sha256:277a0ef2981ca40581a47093e9e2d13b3f1fbbeffae064c1d21bfceba2030287"},
    {file = "PyYAML-6.0-cp38-cp38-win32.whl", hash = "sha256:d4eccecf9adf6fbcc6861a38015c2a64f38b9d94838ac1810a9023a0609e1b78"},
    {file = "PyYAML-6.0-cp38-cp38-win_amd64.whl", hash = "sha256:1e4747bc279b4f613a09eb64bba2ba602d8a6664c6ce6396a4d0cd413a50ce07"},
    {file = "PyYAML-6.0-cp39-cp39-macosx_10_9_x86_64.whl", hash = "sha256:055d937d65826939cb044fc8c9b08889e8c743fdc6a32b33e2390f66013e449b"},
    {file = "PyYAML-6.0-cp39-cp39-macosx_11_0_arm64.whl", hash = "sha256:e61ceaab6f49fb8bdfaa0f92c4b57bcfbea54c09277b1b4f7ac376bfb7a7c174"},
    {file = "PyYAML-6.0-cp39-cp39-manylinux_2_17_aarch64.manylinux2014_aarch64.whl", hash = "sha256:d67d839ede4ed1b28a4e8909735fc992a923cdb84e618544973d7dfc71540803"},
    {file = "PyYAML-6.0-cp39-cp39-manylinux_2_17_s390x.manylinux2014_s390x.whl", hash = "sha256:cba8c411ef271aa037d7357a2bc8f9ee8b58b9965831d9e51baf703280dc73d3"},
    {file = "PyYAML-6.0-cp39-cp39-manylinux_2_5_x86_64.manylinux1_x86_64.manylinux_2_12_x86_64.manylinux2010_x86_64.whl", hash = "sha256:40527857252b61eacd1d9af500c3337ba8deb8fc298940291486c465c8b46ec0"},
    {file = "PyYAML-6.0-cp39-cp39-win32.whl", hash = "sha256:b5b9eccad747aabaaffbc6064800670f0c297e52c12754eb1d976c57e4f74dcb"},
    {file = "PyYAML-6.0-cp39-cp39-win_amd64.whl", hash = "sha256:b3d267842bf12586ba6c734f89d1f5b871df0273157918b0ccefa29deb05c21c"},
    {file = "PyYAML-6.0.tar.gz", hash = "sha256:68fb519c14306fec9720a2a5b45bc9f0c8d1b9c72adf45c37baedfcd949c35a2"},
]

[[package]]
name = "rapidfuzz"
version = "3.1.1"
description = "rapid fuzzy string matching"
category = "main"
optional = false
python-versions = ">=3.7"
files = [
    {file = "rapidfuzz-3.1.1-cp310-cp310-macosx_10_9_universal2.whl", hash = "sha256:17e4cbe6632aae7c35101c4b7c498e83f6eacf61be0def4ff98167df30dc69ca"},
    {file = "rapidfuzz-3.1.1-cp310-cp310-macosx_10_9_x86_64.whl", hash = "sha256:167dbce2da6bb5b73d43e53434c5a9d7d1214b658b315420e44044782f4c482b"},
    {file = "rapidfuzz-3.1.1-cp310-cp310-macosx_11_0_arm64.whl", hash = "sha256:cdee4f4d04761ce167538adbefa01a64e7cab949d89aa09df39ef0d5e859fb2a"},
    {file = "rapidfuzz-3.1.1-cp310-cp310-manylinux_2_17_aarch64.manylinux2014_aarch64.whl", hash = "sha256:88e77ed7d0bd8d9be530c462c921904ada8d3417671eed749784c5a315af334d"},
    {file = "rapidfuzz-3.1.1-cp310-cp310-manylinux_2_17_i686.manylinux2014_i686.whl", hash = "sha256:fdd2ab5ab56fcaf839a9f58caa8756dbfeba0b3dc187850b763d0a1e6ee9c97a"},
    {file = "rapidfuzz-3.1.1-cp310-cp310-manylinux_2_17_ppc64le.manylinux2014_ppc64le.whl", hash = "sha256:0843c53d54d5b7d6122d8f1d7574d8c91a7aacc5c316f74d6e33d98aec82949d"},
    {file = "rapidfuzz-3.1.1-cp310-cp310-manylinux_2_17_s390x.manylinux2014_s390x.whl", hash = "sha256:3b3e953dcef0302eeb4fe8c7c4907e50d175199fc07da05ad6bd1d8d141ff138"},
    {file = "rapidfuzz-3.1.1-cp310-cp310-manylinux_2_17_x86_64.manylinux2014_x86_64.whl", hash = "sha256:ec5523d5c08c639cd4e301d42f3ad7c6fb061a1f1cd6b5b627e59af345edfed7"},
    {file = "rapidfuzz-3.1.1-cp310-cp310-musllinux_1_1_aarch64.whl", hash = "sha256:b4995792e106c3f1ab6f56dd6089918b065888e2e55a71e3fea8d0f66bf30989"},
    {file = "rapidfuzz-3.1.1-cp310-cp310-musllinux_1_1_i686.whl", hash = "sha256:cdbf9a76ea47f14026daaed43a2c2150ab0e9a4d5396909f028380f33e61c522"},
    {file = "rapidfuzz-3.1.1-cp310-cp310-musllinux_1_1_ppc64le.whl", hash = "sha256:f25d1975e846d07990cf946a5927a932aa7cccd308ae9979b03a58ff1cd80087"},
    {file = "rapidfuzz-3.1.1-cp310-cp310-musllinux_1_1_s390x.whl", hash = "sha256:e0755f5ac6c3d1dc2505eb2e6eaf5508ff17b42c084406714fbabf2d50d098b6"},
    {file = "rapidfuzz-3.1.1-cp310-cp310-musllinux_1_1_x86_64.whl", hash = "sha256:de784bbe06d32e66617cd20766c37aae2438902d54b3fa608d2e0a929ca705f4"},
    {file = "rapidfuzz-3.1.1-cp310-cp310-win32.whl", hash = "sha256:ef6c38040d868dcc0132fad377aafeb5b2da71354759e77f41ae599316df2dee"},
    {file = "rapidfuzz-3.1.1-cp310-cp310-win_amd64.whl", hash = "sha256:7c74fde444bcd13ef3a803c578b28f33b4f9edf368f46ca3de57fda456065967"},
    {file = "rapidfuzz-3.1.1-cp310-cp310-win_arm64.whl", hash = "sha256:e549da8d68ad4ee385c918ea8b9efeda875df9edf6c6b48df927bd061c00bfef"},
    {file = "rapidfuzz-3.1.1-cp311-cp311-macosx_10_9_universal2.whl", hash = "sha256:58ca539cc6ce385d650138a9b1908b05622c2dd08a23d5aea4890523ef3774d5"},
    {file = "rapidfuzz-3.1.1-cp311-cp311-macosx_10_9_x86_64.whl", hash = "sha256:91946c496e6f380939dbea14ff6ce6de87480445c09d03964f5374101462594b"},
    {file = "rapidfuzz-3.1.1-cp311-cp311-macosx_11_0_arm64.whl", hash = "sha256:7f2024f83a9300440e845b441e71726471f7567021c1d80796ca02e71c5f0dc2"},
    {file = "rapidfuzz-3.1.1-cp311-cp311-manylinux_2_17_aarch64.manylinux2014_aarch64.whl", hash = "sha256:17b017f9e1b88dfd6d9b03170ef8e86477de0d9d37fbfcbe72ca070cacbe1b65"},
    {file = "rapidfuzz-3.1.1-cp311-cp311-manylinux_2_17_i686.manylinux2014_i686.whl", hash = "sha256:e6772eb7cc4429f1eae5a9b41e5b0b1af8f0d50727c6e338d9ad5bceee01da5a"},
    {file = "rapidfuzz-3.1.1-cp311-cp311-manylinux_2_17_ppc64le.manylinux2014_ppc64le.whl", hash = "sha256:c089ce856919e03f4dd8f9168d60ac580d30cd0451fd60dcdef73010eca68973"},
    {file = "rapidfuzz-3.1.1-cp311-cp311-manylinux_2_17_s390x.manylinux2014_s390x.whl", hash = "sha256:3f2cd9a3760080876fc59edb26926e51d6db44dea65e85f1eb04aa5f58c3bc41"},
    {file = "rapidfuzz-3.1.1-cp311-cp311-manylinux_2_17_x86_64.manylinux2014_x86_64.whl", hash = "sha256:6f32791ee045a7b3d6a56208a55d996d5f7a32fdb688f5c5ee899cb7589539eb"},
    {file = "rapidfuzz-3.1.1-cp311-cp311-musllinux_1_1_aarch64.whl", hash = "sha256:68d910048b36613701ea671de68f701e2c1ba2839295238def840ff1fc1b15f4"},
    {file = "rapidfuzz-3.1.1-cp311-cp311-musllinux_1_1_i686.whl", hash = "sha256:6f767d4823002e65c06ea273f952fda2b88775e1c2d508564f04d32cdd7f65b2"},
    {file = "rapidfuzz-3.1.1-cp311-cp311-musllinux_1_1_ppc64le.whl", hash = "sha256:10313075642a9f1f948d356f4f0803ae28a496d7967b466b9cae1a4be8aa4df3"},
    {file = "rapidfuzz-3.1.1-cp311-cp311-musllinux_1_1_s390x.whl", hash = "sha256:1465ea085154378e69bf4bc5e27bdac5c94684416882ace31865232adc9239a2"},
    {file = "rapidfuzz-3.1.1-cp311-cp311-musllinux_1_1_x86_64.whl", hash = "sha256:53e3c588e7ea158fa80095dd0ff53f49e2ede9a8d71a3a5b964ca045d845a9b9"},
    {file = "rapidfuzz-3.1.1-cp311-cp311-win32.whl", hash = "sha256:cb08db5c122fea4196483b82f7596e50ef9cab1770f7696c197bf0815ac4dd17"},
    {file = "rapidfuzz-3.1.1-cp311-cp311-win_amd64.whl", hash = "sha256:b7c65112c87568274d399ad7a62902cef17801c2bd047b162e79e43758b3ce27"},
    {file = "rapidfuzz-3.1.1-cp311-cp311-win_arm64.whl", hash = "sha256:ea3e46a534de97a6cad2018cb950492a0fcacad380e35440ce3c1c8fef96a261"},
    {file = "rapidfuzz-3.1.1-cp37-cp37m-macosx_10_9_x86_64.whl", hash = "sha256:a8bb256b34fcad4f3fa00be6b57fe35bcb54f031911195929145c67d9738ffec"},
    {file = "rapidfuzz-3.1.1-cp37-cp37m-manylinux_2_17_aarch64.manylinux2014_aarch64.whl", hash = "sha256:51f21f37aec6bc117e9083181ddc3cbbcbf56b6506492b128d8e836d3545ca80"},
    {file = "rapidfuzz-3.1.1-cp37-cp37m-manylinux_2_17_i686.manylinux2014_i686.whl", hash = "sha256:5a371846f45ed9d24927a8d5222884536c1e171543396b36250fafb2e848bc92"},
    {file = "rapidfuzz-3.1.1-cp37-cp37m-manylinux_2_17_ppc64le.manylinux2014_ppc64le.whl", hash = "sha256:25eea5c8006b6c8747ca204675c9e939f3c4d27167fb43b2aa211443d34f9abd"},
    {file = "rapidfuzz-3.1.1-cp37-cp37m-manylinux_2_17_s390x.manylinux2014_s390x.whl", hash = "sha256:db5e71e5a810d2f1163c914e01b3ba241409a98286ac4850ff26076115ae401b"},
    {file = "rapidfuzz-3.1.1-cp37-cp37m-manylinux_2_17_x86_64.manylinux2014_x86_64.whl", hash = "sha256:8c07e16ab38e717931319cff1340debbf2ef940a1cda4eb70e323079b62df306"},
    {file = "rapidfuzz-3.1.1-cp37-cp37m-musllinux_1_1_aarch64.whl", hash = "sha256:aadc5a8b9859737a8f87831215b7fab0c04afeb960bb987c528421a4e6dfb8b6"},
    {file = "rapidfuzz-3.1.1-cp37-cp37m-musllinux_1_1_i686.whl", hash = "sha256:0de229cb613be060580c71c1674acbde57921c7ed33d7a726e071a2562924113"},
    {file = "rapidfuzz-3.1.1-cp37-cp37m-musllinux_1_1_ppc64le.whl", hash = "sha256:b1bf8aba99b267aad0a01dfb44ee39803676007724abcfb72129c350476b2341"},
    {file = "rapidfuzz-3.1.1-cp37-cp37m-musllinux_1_1_s390x.whl", hash = "sha256:d3264e4a02e4148e30078104fb0c1b6c8eb166ddc5ebe843a22433f58f87dc47"},
    {file = "rapidfuzz-3.1.1-cp37-cp37m-musllinux_1_1_x86_64.whl", hash = "sha256:712331c1c70c79a219c2ac233b4e25e75ffad51042840d147d5e94519c7d8a1a"},
    {file = "rapidfuzz-3.1.1-cp37-cp37m-win32.whl", hash = "sha256:6ede2d42ad55bd4e7a3394e98c5f58ddace78775493391732d32be61268a4116"},
    {file = "rapidfuzz-3.1.1-cp37-cp37m-win_amd64.whl", hash = "sha256:32a5c47b5153f25eb512dbb91f9850225d2dcfb3404a1c48406726c7732b0726"},
    {file = "rapidfuzz-3.1.1-cp38-cp38-macosx_10_9_universal2.whl", hash = "sha256:51bb8f7aa4fe45618e75cdccf08491c752a7f137ffbf7d3afd1809791ac8c326"},
    {file = "rapidfuzz-3.1.1-cp38-cp38-macosx_10_9_x86_64.whl", hash = "sha256:788fb03c5acb5b48f5f918f4cbb5dc072498becf018c64e7e27d6b76e63e68b8"},
    {file = "rapidfuzz-3.1.1-cp38-cp38-macosx_11_0_arm64.whl", hash = "sha256:dc7f25e20781c8d42e813516ee4ff9043ecce4a8e25fc94ee6732a83d81c1c99"},
    {file = "rapidfuzz-3.1.1-cp38-cp38-manylinux_2_17_aarch64.manylinux2014_aarch64.whl", hash = "sha256:a4a751f216fd1222a4a8c7ceff5180872a156202c3bdca1b337e5a5b09298dfd"},
    {file = "rapidfuzz-3.1.1-cp38-cp38-manylinux_2_17_i686.manylinux2014_i686.whl", hash = "sha256:83b48b789f2da1688882cba595c40179194ab15ec17ea1d4c9de9ee239649904"},
    {file = "rapidfuzz-3.1.1-cp38-cp38-manylinux_2_17_ppc64le.manylinux2014_ppc64le.whl", hash = "sha256:09a6f5cd9f1282da49b8d0747c40f3fea2d64ab5e4c2cc2295baf87ff7a0d062"},
    {file = "rapidfuzz-3.1.1-cp38-cp38-manylinux_2_17_s390x.manylinux2014_s390x.whl", hash = "sha256:d5fe8054c244bf63be2380efc275edd86da3a706460d42911dc3ff914f3260a5"},
    {file = "rapidfuzz-3.1.1-cp38-cp38-manylinux_2_17_x86_64.manylinux2014_x86_64.whl", hash = "sha256:5d4d509e9aa011e1be5e4da7c5062dc4fc3688714687110536925980b3d03ac6"},
    {file = "rapidfuzz-3.1.1-cp38-cp38-musllinux_1_1_aarch64.whl", hash = "sha256:ccc1b5b467766110085c80bb9311d233fccc8ed1ce965aebba3125e1bab04cba"},
    {file = "rapidfuzz-3.1.1-cp38-cp38-musllinux_1_1_i686.whl", hash = "sha256:7e181411958d04d5b437a0981e87815e8f1b1909f5ae0e339246d3bc464f53e7"},
    {file = "rapidfuzz-3.1.1-cp38-cp38-musllinux_1_1_ppc64le.whl", hash = "sha256:c53cf36cdb10819b7154fefdbffbef442ba567d9c1ca74a7e76fd759ace45e6c"},
    {file = "rapidfuzz-3.1.1-cp38-cp38-musllinux_1_1_s390x.whl", hash = "sha256:851b44130393139cb336aa54c681d595d75a3160b7be330f3acc0c3b9dabce70"},
    {file = "rapidfuzz-3.1.1-cp38-cp38-musllinux_1_1_x86_64.whl", hash = "sha256:49d900da023eeb3bfbe9feee126312eb9fd0458129aa5a581e4d8d8bf4483d14"},
    {file = "rapidfuzz-3.1.1-cp38-cp38-win32.whl", hash = "sha256:6c0e96821029c46847df4ff266ea283a2b6163a4f76a4567f9986934e9c4410c"},
    {file = "rapidfuzz-3.1.1-cp38-cp38-win_amd64.whl", hash = "sha256:7af18372f576e36e93f4662bdf64043ac23dfa02d7f768d7e7e1d0211bb9cb35"},
    {file = "rapidfuzz-3.1.1-cp39-cp39-macosx_10_9_universal2.whl", hash = "sha256:8b966344ed4122a71ab8ccdca2954db1ce0d8049cb9bcac58db07558f9d9ec32"},
    {file = "rapidfuzz-3.1.1-cp39-cp39-macosx_10_9_x86_64.whl", hash = "sha256:a293370448f2e46fdc6e086ac99923015bdc53973a65d3df35aefc685e1a5809"},
    {file = "rapidfuzz-3.1.1-cp39-cp39-macosx_11_0_arm64.whl", hash = "sha256:351d253fdee62d6d0e80c75f0505accc1ce8cc73a50779c60986ef21c92f20f9"},
    {file = "rapidfuzz-3.1.1-cp39-cp39-manylinux_2_17_aarch64.manylinux2014_aarch64.whl", hash = "sha256:4e951c874a0e5b375b2af9b5f264eefc679c0685c166ee0641e703ef0795509b"},
    {file = "rapidfuzz-3.1.1-cp39-cp39-manylinux_2_17_i686.manylinux2014_i686.whl", hash = "sha256:4019def8a18bc867ac61f08a542bf474a7a9b3f662f5d5cd169c9135866562f5"},
    {file = "rapidfuzz-3.1.1-cp39-cp39-manylinux_2_17_ppc64le.manylinux2014_ppc64le.whl", hash = "sha256:086a2d84c2e497e3ab160ccf164e319bca874d9383d008fcadf91ede8ac7997f"},
    {file = "rapidfuzz-3.1.1-cp39-cp39-manylinux_2_17_s390x.manylinux2014_s390x.whl", hash = "sha256:6d4da453fbd8793ebb11bed396f8a4b9041d6227bf055903447305dd7942312f"},
    {file = "rapidfuzz-3.1.1-cp39-cp39-manylinux_2_17_x86_64.manylinux2014_x86_64.whl", hash = "sha256:10f56af1d46fbeaaa0dc50901c2dc439c7a455cfdac2f1acf6cffeb65ae82c48"},
    {file = "rapidfuzz-3.1.1-cp39-cp39-musllinux_1_1_aarch64.whl", hash = "sha256:7726f67e4a0b2b4392f03aa62e16b12a697156c6735df27b21bd3ab561b01659"},
    {file = "rapidfuzz-3.1.1-cp39-cp39-musllinux_1_1_i686.whl", hash = "sha256:d72916d27fb88741bfb576b0b0639354ca00f5e91046171c985262c68a86bbb5"},
    {file = "rapidfuzz-3.1.1-cp39-cp39-musllinux_1_1_ppc64le.whl", hash = "sha256:8c85bb6946fb02231d1e60ab45c36ecee04ecf7f725e094f5beee798b6b7d36d"},
    {file = "rapidfuzz-3.1.1-cp39-cp39-musllinux_1_1_s390x.whl", hash = "sha256:fb7049dff52cded65184a3d2ff45cfd226bff7314f49a8f4b83f943eea9181a7"},
    {file = "rapidfuzz-3.1.1-cp39-cp39-musllinux_1_1_x86_64.whl", hash = "sha256:408007b4bc5a0a0cb9bfcdcc8cffa9b71fec6ee53ccdf9c26b57539f7e264ab5"},
    {file = "rapidfuzz-3.1.1-cp39-cp39-win32.whl", hash = "sha256:9dc7154889937ca5a004d17f62b4798e0af52f69c38eb3112dbdb52b006d4419"},
    {file = "rapidfuzz-3.1.1-cp39-cp39-win_amd64.whl", hash = "sha256:16c506bac2e0a6f6581b334a7802c2f0d8343ec1d77e5cf9452c33d6219abef8"},
    {file = "rapidfuzz-3.1.1-cp39-cp39-win_arm64.whl", hash = "sha256:5e11e11880951e767342b56627ab2dc9d3ef90e2605b656e9b5e6e0beadaaf0f"},
    {file = "rapidfuzz-3.1.1-pp37-pypy37_pp73-macosx_10_9_x86_64.whl", hash = "sha256:a8b8f32463781e4703965c9cf7a609a19a74478f332e0d62cd9d0e7a9db91321"},
    {file = "rapidfuzz-3.1.1-pp37-pypy37_pp73-manylinux_2_17_aarch64.manylinux2014_aarch64.whl", hash = "sha256:b408ac3c7f8c3414bfd5c6044ca4bb385b390bcf5eae3ad884cef48628c131ae"},
    {file = "rapidfuzz-3.1.1-pp37-pypy37_pp73-manylinux_2_17_i686.manylinux2014_i686.whl", hash = "sha256:9ff1a517de2b1e80ddf1a3037a6ebca9925154c1af70751518d50d5c332e1ec8"},
    {file = "rapidfuzz-3.1.1-pp37-pypy37_pp73-manylinux_2_17_x86_64.manylinux2014_x86_64.whl", hash = "sha256:f1e23665be5918f979180130babedab9317fbb34cdae237c7defad7e86bc684e"},
    {file = "rapidfuzz-3.1.1-pp37-pypy37_pp73-win_amd64.whl", hash = "sha256:15260263a0c7bffac934a53b6622d77e06e10929ee4d2e62ac6f70c13988f351"},
    {file = "rapidfuzz-3.1.1-pp38-pypy38_pp73-macosx_10_9_x86_64.whl", hash = "sha256:f7acc5c9c7cf567372de5b6c817f93db508e7b9bd7f29bd6187df8d2cc60ced5"},
    {file = "rapidfuzz-3.1.1-pp38-pypy38_pp73-manylinux_2_17_aarch64.manylinux2014_aarch64.whl", hash = "sha256:79f5a3ab7ff6c46336f38690f0564bc7689cefa180257ed9078c42f75b10c9d2"},
    {file = "rapidfuzz-3.1.1-pp38-pypy38_pp73-manylinux_2_17_i686.manylinux2014_i686.whl", hash = "sha256:362e366e79fcc9a8866b41f20ef4d2987a06f8b134096e659594c059aa8a6d88"},
    {file = "rapidfuzz-3.1.1-pp38-pypy38_pp73-manylinux_2_17_x86_64.manylinux2014_x86_64.whl", hash = "sha256:819d9317c3d86b508d87ab1bca5867f3abc18b902c822bc57366ccc6330a030b"},
    {file = "rapidfuzz-3.1.1-pp38-pypy38_pp73-win_amd64.whl", hash = "sha256:4a64ddfb7084b678da7778c1263aee2baae5a2ca55ec5589a022defc38103eb1"},
    {file = "rapidfuzz-3.1.1-pp39-pypy39_pp73-macosx_10_9_x86_64.whl", hash = "sha256:8243bb4bb4db7c3501932ced6a978b284e19c3619b6802455e47bfd0905adb81"},
    {file = "rapidfuzz-3.1.1-pp39-pypy39_pp73-manylinux_2_17_aarch64.manylinux2014_aarch64.whl", hash = "sha256:39c7d0dbd77a7f28ff85a1dff2afb2ed73e5cd81cca3f654450ed339a271c0ab"},
    {file = "rapidfuzz-3.1.1-pp39-pypy39_pp73-manylinux_2_17_i686.manylinux2014_i686.whl", hash = "sha256:a4afab735bb0ac3ec9bafcc35376ed336d26af6140c4d81e4c869e77df77ecd5"},
    {file = "rapidfuzz-3.1.1-pp39-pypy39_pp73-manylinux_2_17_x86_64.manylinux2014_x86_64.whl", hash = "sha256:69d503a7641b5a63aa53c7aca0b857d38f48cd7bae39f8563679b324e3d2d47a"},
    {file = "rapidfuzz-3.1.1-pp39-pypy39_pp73-win_amd64.whl", hash = "sha256:ef3ad80458e47723812976a2ea1282ff207ad20e6cb19da1917f76699bd5aaa5"},
    {file = "rapidfuzz-3.1.1.tar.gz", hash = "sha256:a06a08be3cb7d7df7993dd16e84aaf59bd5a7ff98a9f1b3e893d18b273a71c64"},
]

[package.extras]
full = ["numpy"]

[[package]]
name = "setuptools"
version = "67.8.0"
description = "Easily download, build, install, upgrade, and uninstall Python packages"
category = "dev"
optional = false
python-versions = ">=3.7"
files = [
    {file = "setuptools-67.8.0-py3-none-any.whl", hash = "sha256:5df61bf30bb10c6f756eb19e7c9f3b473051f48db77fddbe06ff2ca307df9a6f"},
    {file = "setuptools-67.8.0.tar.gz", hash = "sha256:62642358adc77ffa87233bc4d2354c4b2682d214048f500964dbe760ccedf102"},
]

[package.extras]
docs = ["furo", "jaraco.packaging (>=9)", "jaraco.tidelift (>=1.4)", "pygments-github-lexers (==0.0.5)", "rst.linker (>=1.9)", "sphinx (>=3.5)", "sphinx-favicon", "sphinx-hoverxref (<2)", "sphinx-inline-tabs", "sphinx-lint", "sphinx-notfound-page (==0.8.3)", "sphinx-reredirects", "sphinxcontrib-towncrier"]
testing = ["build[virtualenv]", "filelock (>=3.4.0)", "flake8-2020", "ini2toml[lite] (>=0.9)", "jaraco.envs (>=2.2)", "jaraco.path (>=3.2.0)", "pip (>=19.1)", "pip-run (>=8.8)", "pytest (>=6)", "pytest-black (>=0.3.7)", "pytest-checkdocs (>=2.4)", "pytest-cov", "pytest-enabler (>=1.3)", "pytest-mypy (>=0.9.1)", "pytest-perf", "pytest-ruff", "pytest-timeout", "pytest-xdist", "tomli-w (>=1.0.0)", "virtualenv (>=13.0.0)", "wheel"]
testing-integration = ["build[virtualenv]", "filelock (>=3.4.0)", "jaraco.envs (>=2.2)", "jaraco.path (>=3.2.0)", "pytest", "pytest-enabler", "pytest-xdist", "tomli", "virtualenv (>=13.0.0)", "wheel"]

[[package]]
name = "virtualenv"
version = "20.23.0"
description = "Virtual Python Environment builder"
category = "dev"
optional = false
python-versions = ">=3.7"
files = [
    {file = "virtualenv-20.23.0-py3-none-any.whl", hash = "sha256:6abec7670e5802a528357fdc75b26b9f57d5d92f29c5462ba0fbe45feacc685e"},
    {file = "virtualenv-20.23.0.tar.gz", hash = "sha256:a85caa554ced0c0afbd0d638e7e2d7b5f92d23478d05d17a76daeac8f279f924"},
]

[package.dependencies]
distlib = ">=0.3.6,<1"
filelock = ">=3.11,<4"
platformdirs = ">=3.2,<4"

[package.extras]
docs = ["furo (>=2023.3.27)", "proselint (>=0.13)", "sphinx (>=6.1.3)", "sphinx-argparse (>=0.4)", "sphinxcontrib-towncrier (>=0.2.1a0)", "towncrier (>=22.12)"]
test = ["covdefaults (>=2.3)", "coverage (>=7.2.3)", "coverage-enable-subprocess (>=1)", "flaky (>=3.7)", "packaging (>=23.1)", "pytest (>=7.3.1)", "pytest-env (>=0.8.1)", "pytest-freezegun (>=0.4.2)", "pytest-mock (>=3.10)", "pytest-randomly (>=3.12)", "pytest-timeout (>=2.1)", "setuptools (>=67.7.1)", "time-machine (>=2.9)"]

[metadata]
lock-version = "2.0"
python-versions = "^3.8"
content-hash = "5a7dc4232be0b3bf42995e8b9fbc53a27d6ce33737e9b4d970252e05c95ed19b"
